
Microsoft Visual Studio Solution File, Format Version 12.00
# Visual Studio Version 17
VisualStudioVersion = 17.8.34601.278
MinimumVisualStudioVersion = 10.0.40219.1
Project("{FAE04EC0-301F-11D3-BF4B-00C04F79EFBC}") = "Hotel", "Hotel.csproj", "{111407E4-3FDA-4BE0-8E42-463C6BE16CFA}"
EndProject
Global
	GlobalSection(SolutionConfigurationPlatforms) = preSolution
		Debug|Any CPU = Debug|Any CPU
		Release|Any CPU = Release|Any CPU
	EndGlobalSection
	GlobalSection(ProjectConfigurationPlatforms) = postSolution
		{111407E4-3FDA-4BE0-8E42-463C6BE16CFA}.Debug|Any CPU.ActiveCfg = Debug|Any CPU
		{111407E4-3FDA-4BE0-8E42-463C6BE16CFA}.Debug|Any CPU.Build.0 = Debug|Any CPU
		{111407E4-3FDA-4BE0-8E42-463C6BE16CFA}.Release|Any CPU.ActiveCfg = Release|Any CPU
		{111407E4-3FDA-4BE0-8E42-463C6BE16CFA}.Release|Any CPU.Build.0 = Release|Any CPU
	EndGlobalSection
	GlobalSection(SolutionProperties) = preSolution
		HideSolutionNode = FALSE
	EndGlobalSection
	GlobalSection(ExtensibilityGlobals) = postSolution
		SolutionGuid = {63E86C83-330C-4AC0-A61B-FDEEC36F2A1A}
	EndGlobalSection
EndGlobal
